
Microsoft Visual Studio Solution File, Format Version 12.00
# Visual Studio Version 16
VisualStudioVersion = 16.0.30002.166
MinimumVisualStudioVersion = 10.0.40219.1
Project("{2150E333-8FDC-42A3-9474-1A3956D46DE8}") = "Services", "Services", "{28A048DC-47D0-4DFC-919C-1CFF311EA9FC}"
EndProject
Project("{2150E333-8FDC-42A3-9474-1A3956D46DE8}") = "WebApps", "WebApps", "{1AC883C4-0CB7-4797-82A6-D1B7066F468C}"
EndProject
Project("{2150E333-8FDC-42A3-9474-1A3956D46DE8}") = "Cadastros", "Cadastros", "{A8EAAE0D-1D36-444B-A63B-8D78DFCAA0F9}"
EndProject
Project("{2150E333-8FDC-42A3-9474-1A3956D46DE8}") = "Catalogo", "Catalogo", "{B779C21F-B899-44B8-98CC-35E3E2A29944}"
EndProject
Project("{2150E333-8FDC-42A3-9474-1A3956D46DE8}") = "Core", "Core", "{392A1DFD-95B5-49B0-B7FD-12A23632E61B}"
EndProject
Project("{2150E333-8FDC-42A3-9474-1A3956D46DE8}") = "Fiscal", "Fiscal", "{10A5A173-5030-4F6B-B276-73E6EC74C0B4}"
EndProject
Project("{2150E333-8FDC-42A3-9474-1A3956D46DE8}") = "Pagamentos", "Pagamentos", "{A578F2FC-C396-4D27-BF8C-30724EB179AA}"
EndProject
Project("{2150E333-8FDC-42A3-9474-1A3956D46DE8}") = "Vendas", "Vendas", "{4CF18AE6-AD9A-497E-A4D9-2D881C64F024}"
EndProject
Project("{9A19103F-16F7-4668-BE54-9A1E7A4F7556}") = "NerdStore.Catalogo.Domain", "src\NerdStore.Catalogo.Domain\NerdStore.Catalogo.Domain.csproj", "{D04F3D30-F30B-4A18-8AF1-CF484DA928B8}"
EndProject
Project("{9A19103F-16F7-4668-BE54-9A1E7A4F7556}") = "NerdStore.Core", "src\NerdStore.Core\NerdStore.Core.csproj", "{43A1497D-2E4D-45B6-96DE-BC81F444A2C7}"
EndProject
Project("{2150E333-8FDC-42A3-9474-1A3956D46DE8}") = "Tests", "Tests", "{9FDFE7E3-9582-4500-8644-91BC820B4ADB}"
EndProject
Project("{9A19103F-16F7-4668-BE54-9A1E7A4F7556}") = "NerdStore.Catalogo.Domains.Tests", "tests\NerdStore.Catalogo.Domains.Tests\NerdStore.Catalogo.Domains.Tests.csproj", "{52A35EDA-624A-46F2-9094-060F8E5DE0B5}"
EndProject
Project("{9A19103F-16F7-4668-BE54-9A1E7A4F7556}") = "NerdStore.Catalogo.Data", "src\NerdStore.Catalogo.Data\NerdStore.Catalogo.Data.csproj", "{A50F5EBC-8796-40A4-8DF9-E4B22E5719C8}"
EndProject
Project("{9A19103F-16F7-4668-BE54-9A1E7A4F7556}") = "NerdStore.Catalogo.Application", "src\NerdStore.Catalogo.Application\NerdStore.Catalogo.Application.csproj", "{98A89F71-1E4A-4123-BD39-E1B1AF2C995D}"
EndProject
Project("{9A19103F-16F7-4668-BE54-9A1E7A4F7556}") = "NerdStore.WebApp.MVC", "src\NerdStore.WebApp.MVC\NerdStore.WebApp.MVC.csproj", "{D1AE19B0-3E80-43A3-889D-39437BF96B07}"
EndProject
Project("{9A19103F-16F7-4668-BE54-9A1E7A4F7556}") = "NerdStore.Vendas.Domain", "src\NerdStore.Vendas.Domain\NerdStore.Vendas.Domain.csproj", "{43E1E242-D7AA-4DF6-A35D-4FEE17016A63}"
EndProject
Project("{9A19103F-16F7-4668-BE54-9A1E7A4F7556}") = "NerdStore.Pagamentos.AntiCorruption", "src\NerdStore.Pagamentos.AntiCorruption\NerdStore.Pagamentos.AntiCorruption.csproj", "{D7E949C7-F5BE-43C5-9DB5-019A2E7D2B19}"
EndProject
Project("{9A19103F-16F7-4668-BE54-9A1E7A4F7556}") = "NerdStore.Pagamentos.Business", "src\NerdStore.Pagamentos.Business\NerdStore.Pagamentos.Business.csproj", "{577A773E-45B8-45BC-A869-592F8D5DD6E3}"
EndProject
Project("{9A19103F-16F7-4668-BE54-9A1E7A4F7556}") = "NerdStore.Pagamentos.Data", "src\NerdStore.Pagamentos.Data\NerdStore.Pagamentos.Data.csproj", "{16C48E13-6F0B-4161-ACD6-4A5A9CCF2409}"
EndProject
Project("{9A19103F-16F7-4668-BE54-9A1E7A4F7556}") = "NerdStore.Vendas.Application", "src\NerdStore.Vendas.Application\NerdStore.Vendas.Application.csproj", "{9DD88DA8-EB55-492A-8232-39E2380DABB6}"
EndProject
Project("{9A19103F-16F7-4668-BE54-9A1E7A4F7556}") = "NerdStore.Vendas.Data", "src\NerdStore.Vendas.Data\NerdStore.Vendas.Data.csproj", "{2509DC21-D145-4484-9A1C-6E2A0E1DBA0E}"
EndProject
Project("{2150E333-8FDC-42A3-9474-1A3956D46DE8}") = "BuildingBlocks", "BuildingBlocks", "{9B8FA8FF-370A-4104-9AC3-CAC5E2C5F789}"
EndProject
Project("{FAE04EC0-301F-11D3-BF4B-00C04F79EFBC}") = "EventSourcing", "src\EventSourcing\EventSourcing.csproj", "{62C640E5-2A43-401A-A3FC-A5C74BFAC041}"
EndProject
Global
	GlobalSection(SolutionConfigurationPlatforms) = preSolution
		Debug|Any CPU = Debug|Any CPU
		Release|Any CPU = Release|Any CPU
	EndGlobalSection
	GlobalSection(ProjectConfigurationPlatforms) = postSolution
		{D04F3D30-F30B-4A18-8AF1-CF484DA928B8}.Debug|Any CPU.ActiveCfg = Debug|Any CPU
		{D04F3D30-F30B-4A18-8AF1-CF484DA928B8}.Debug|Any CPU.Build.0 = Debug|Any CPU
		{D04F3D30-F30B-4A18-8AF1-CF484DA928B8}.Release|Any CPU.ActiveCfg = Release|Any CPU
		{D04F3D30-F30B-4A18-8AF1-CF484DA928B8}.Release|Any CPU.Build.0 = Release|Any CPU
		{43A1497D-2E4D-45B6-96DE-BC81F444A2C7}.Debug|Any CPU.ActiveCfg = Debug|Any CPU
		{43A1497D-2E4D-45B6-96DE-BC81F444A2C7}.Debug|Any CPU.Build.0 = Debug|Any CPU
		{43A1497D-2E4D-45B6-96DE-BC81F444A2C7}.Release|Any CPU.ActiveCfg = Release|Any CPU
		{43A1497D-2E4D-45B6-96DE-BC81F444A2C7}.Release|Any CPU.Build.0 = Release|Any CPU
		{52A35EDA-624A-46F2-9094-060F8E5DE0B5}.Debug|Any CPU.ActiveCfg = Debug|Any CPU
		{52A35EDA-624A-46F2-9094-060F8E5DE0B5}.Debug|Any CPU.Build.0 = Debug|Any CPU
		{52A35EDA-624A-46F2-9094-060F8E5DE0B5}.Release|Any CPU.ActiveCfg = Release|Any CPU
		{52A35EDA-624A-46F2-9094-060F8E5DE0B5}.Release|Any CPU.Build.0 = Release|Any CPU
		{A50F5EBC-8796-40A4-8DF9-E4B22E5719C8}.Debug|Any CPU.ActiveCfg = Debug|Any CPU
		{A50F5EBC-8796-40A4-8DF9-E4B22E5719C8}.Debug|Any CPU.Build.0 = Debug|Any CPU
		{A50F5EBC-8796-40A4-8DF9-E4B22E5719C8}.Release|Any CPU.ActiveCfg = Release|Any CPU
		{A50F5EBC-8796-40A4-8DF9-E4B22E5719C8}.Release|Any CPU.Build.0 = Release|Any CPU
		{98A89F71-1E4A-4123-BD39-E1B1AF2C995D}.Debug|Any CPU.ActiveCfg = Debug|Any CPU
		{98A89F71-1E4A-4123-BD39-E1B1AF2C995D}.Debug|Any CPU.Build.0 = Debug|Any CPU
		{98A89F71-1E4A-4123-BD39-E1B1AF2C995D}.Release|Any CPU.ActiveCfg = Release|Any CPU
		{98A89F71-1E4A-4123-BD39-E1B1AF2C995D}.Release|Any CPU.Build.0 = Release|Any CPU
		{D1AE19B0-3E80-43A3-889D-39437BF96B07}.Debug|Any CPU.ActiveCfg = Debug|Any CPU
		{D1AE19B0-3E80-43A3-889D-39437BF96B07}.Debug|Any CPU.Build.0 = Debug|Any CPU
		{D1AE19B0-3E80-43A3-889D-39437BF96B07}.Release|Any CPU.ActiveCfg = Release|Any CPU
		{D1AE19B0-3E80-43A3-889D-39437BF96B07}.Release|Any CPU.Build.0 = Release|Any CPU
		{43E1E242-D7AA-4DF6-A35D-4FEE17016A63}.Debug|Any CPU.ActiveCfg = Debug|Any CPU
		{43E1E242-D7AA-4DF6-A35D-4FEE17016A63}.Debug|Any CPU.Build.0 = Debug|Any CPU
		{43E1E242-D7AA-4DF6-A35D-4FEE17016A63}.Release|Any CPU.ActiveCfg = Release|Any CPU
		{43E1E242-D7AA-4DF6-A35D-4FEE17016A63}.Release|Any CPU.Build.0 = Release|Any CPU
		{D7E949C7-F5BE-43C5-9DB5-019A2E7D2B19}.Debug|Any CPU.ActiveCfg = Debug|Any CPU
		{D7E949C7-F5BE-43C5-9DB5-019A2E7D2B19}.Debug|Any CPU.Build.0 = Debug|Any CPU
		{D7E949C7-F5BE-43C5-9DB5-019A2E7D2B19}.Release|Any CPU.ActiveCfg = Release|Any CPU
		{D7E949C7-F5BE-43C5-9DB5-019A2E7D2B19}.Release|Any CPU.Build.0 = Release|Any CPU
		{577A773E-45B8-45BC-A869-592F8D5DD6E3}.Debug|Any CPU.ActiveCfg = Debug|Any CPU
		{577A773E-45B8-45BC-A869-592F8D5DD6E3}.Debug|Any CPU.Build.0 = Debug|Any CPU
		{577A773E-45B8-45BC-A869-592F8D5DD6E3}.Release|Any CPU.ActiveCfg = Release|Any CPU
		{577A773E-45B8-45BC-A869-592F8D5DD6E3}.Release|Any CPU.Build.0 = Release|Any CPU
		{16C48E13-6F0B-4161-ACD6-4A5A9CCF2409}.Debug|Any CPU.ActiveCfg = Debug|Any CPU
		{16C48E13-6F0B-4161-ACD6-4A5A9CCF2409}.Debug|Any CPU.Build.0 = Debug|Any CPU
		{16C48E13-6F0B-4161-ACD6-4A5A9CCF2409}.Release|Any CPU.ActiveCfg = Release|Any CPU
		{16C48E13-6F0B-4161-ACD6-4A5A9CCF2409}.Release|Any CPU.Build.0 = Release|Any CPU
		{9DD88DA8-EB55-492A-8232-39E2380DABB6}.Debug|Any CPU.ActiveCfg = Debug|Any CPU
		{9DD88DA8-EB55-492A-8232-39E2380DABB6}.Debug|Any CPU.Build.0 = Debug|Any CPU
		{9DD88DA8-EB55-492A-8232-39E2380DABB6}.Release|Any CPU.ActiveCfg = Release|Any CPU
		{9DD88DA8-EB55-492A-8232-39E2380DABB6}.Release|Any CPU.Build.0 = Release|Any CPU
		{2509DC21-D145-4484-9A1C-6E2A0E1DBA0E}.Debug|Any CPU.ActiveCfg = Debug|Any CPU
		{2509DC21-D145-4484-9A1C-6E2A0E1DBA0E}.Debug|Any CPU.Build.0 = Debug|Any CPU
		{2509DC21-D145-4484-9A1C-6E2A0E1DBA0E}.Release|Any CPU.ActiveCfg = Release|Any CPU
		{2509DC21-D145-4484-9A1C-6E2A0E1DBA0E}.Release|Any CPU.Build.0 = Release|Any CPU
		{62C640E5-2A43-401A-A3FC-A5C74BFAC041}.Debug|Any CPU.ActiveCfg = Debug|Any CPU
		{62C640E5-2A43-401A-A3FC-A5C74BFAC041}.Debug|Any CPU.Build.0 = Debug|Any CPU
		{62C640E5-2A43-401A-A3FC-A5C74BFAC041}.Release|Any CPU.ActiveCfg = Release|Any CPU
		{62C640E5-2A43-401A-A3FC-A5C74BFAC041}.Release|Any CPU.Build.0 = Release|Any CPU
	EndGlobalSection
	GlobalSection(SolutionProperties) = preSolution
		HideSolutionNode = FALSE
	EndGlobalSection
	GlobalSection(NestedProjects) = preSolution
		{A8EAAE0D-1D36-444B-A63B-8D78DFCAA0F9} = {28A048DC-47D0-4DFC-919C-1CFF311EA9FC}
		{B779C21F-B899-44B8-98CC-35E3E2A29944} = {28A048DC-47D0-4DFC-919C-1CFF311EA9FC}
		{392A1DFD-95B5-49B0-B7FD-12A23632E61B} = {28A048DC-47D0-4DFC-919C-1CFF311EA9FC}
		{10A5A173-5030-4F6B-B276-73E6EC74C0B4} = {28A048DC-47D0-4DFC-919C-1CFF311EA9FC}
		{A578F2FC-C396-4D27-BF8C-30724EB179AA} = {28A048DC-47D0-4DFC-919C-1CFF311EA9FC}
		{4CF18AE6-AD9A-497E-A4D9-2D881C64F024} = {28A048DC-47D0-4DFC-919C-1CFF311EA9FC}
		{D04F3D30-F30B-4A18-8AF1-CF484DA928B8} = {B779C21F-B899-44B8-98CC-35E3E2A29944}
		{43A1497D-2E4D-45B6-96DE-BC81F444A2C7} = {392A1DFD-95B5-49B0-B7FD-12A23632E61B}
		{9FDFE7E3-9582-4500-8644-91BC820B4ADB} = {B779C21F-B899-44B8-98CC-35E3E2A29944}
		{52A35EDA-624A-46F2-9094-060F8E5DE0B5} = {9FDFE7E3-9582-4500-8644-91BC820B4ADB}
		{A50F5EBC-8796-40A4-8DF9-E4B22E5719C8} = {B779C21F-B899-44B8-98CC-35E3E2A29944}
		{98A89F71-1E4A-4123-BD39-E1B1AF2C995D} = {B779C21F-B899-44B8-98CC-35E3E2A29944}
		{D1AE19B0-3E80-43A3-889D-39437BF96B07} = {1AC883C4-0CB7-4797-82A6-D1B7066F468C}
		{43E1E242-D7AA-4DF6-A35D-4FEE17016A63} = {4CF18AE6-AD9A-497E-A4D9-2D881C64F024}
		{D7E949C7-F5BE-43C5-9DB5-019A2E7D2B19} = {A578F2FC-C396-4D27-BF8C-30724EB179AA}
		{577A773E-45B8-45BC-A869-592F8D5DD6E3} = {A578F2FC-C396-4D27-BF8C-30724EB179AA}
		{16C48E13-6F0B-4161-ACD6-4A5A9CCF2409} = {A578F2FC-C396-4D27-BF8C-30724EB179AA}
		{9DD88DA8-EB55-492A-8232-39E2380DABB6} = {4CF18AE6-AD9A-497E-A4D9-2D881C64F024}
		{2509DC21-D145-4484-9A1C-6E2A0E1DBA0E} = {4CF18AE6-AD9A-497E-A4D9-2D881C64F024}
		{62C640E5-2A43-401A-A3FC-A5C74BFAC041} = {9B8FA8FF-370A-4104-9AC3-CAC5E2C5F789}
	EndGlobalSection
	GlobalSection(ExtensibilityGlobals) = postSolution
		SolutionGuid = {9E2D5A8B-389C-4FBA-B6D6-D335686773CD}
	EndGlobalSection
EndGlobal
